// !$*UTF8*$!
{
	archiveVersion = 1;
	classes = {
	};
	objectVersion = 46;
	objects = {

/* Begin PBXBuildFile section */
		D6145519228AECC000F842C6 /* UILabel+Extensions.swift in Sources */ = {isa = PBXBuildFile; fileRef = D6145518228AECC000F842C6 /* UILabel+Extensions.swift */; };
		D614551B228AEEE300F842C6 /* ShowDescriptionViewController.swift in Sources */ = {isa = PBXBuildFile; fileRef = D614551A228AEEE300F842C6 /* ShowDescriptionViewController.swift */; };
		D61A03772287AC390002AA48 /* APITypes.swift in Sources */ = {isa = PBXBuildFile; fileRef = D61A03762287AC390002AA48 /* APITypes.swift */; };
		D61A037A2287AD320002AA48 /* APIKey.swift in Sources */ = {isa = PBXBuildFile; fileRef = D61A03792287AD320002AA48 /* APIKey.swift */; };
		D61FFE05226B2F72004A0F46 /* URLResponse+Extensions.swift in Sources */ = {isa = PBXBuildFile; fileRef = D61FFE04226B2F72004A0F46 /* URLResponse+Extensions.swift */; };
		D63D0A481E2845ED00D3F1CA /* AppDelegate.swift in Sources */ = {isa = PBXBuildFile; fileRef = D63D0A471E2845ED00D3F1CA /* AppDelegate.swift */; };
		D63D0A511E2845ED00D3F1CA /* Assets.xcassets in Resources */ = {isa = PBXBuildFile; fileRef = D63D0A501E2845ED00D3F1CA /* Assets.xcassets */; };
		D63D0A541E2845ED00D3F1CA /* LaunchScreen.storyboard in Resources */ = {isa = PBXBuildFile; fileRef = D63D0A521E2845ED00D3F1CA /* LaunchScreen.storyboard */; };
		D64C8B66228C236D00049F86 /* Seasons.xcdatamodeld in Sources */ = {isa = PBXBuildFile; fileRef = D64C8B64228C236D00049F86 /* Seasons.xcdatamodeld */; };
		D64C8B68228C2ADB00049F86 /* PersistenceService.swift in Sources */ = {isa = PBXBuildFile; fileRef = D64C8B67228C2ADB00049F86 /* PersistenceService.swift */; };
		D65C1CE71E55AEF00000D1DD /* ShowTableViewCell.swift in Sources */ = {isa = PBXBuildFile; fileRef = D65C1CE61E55AEF00000D1DD /* ShowTableViewCell.swift */; };
		D6629D901E3C27A70049CC26 /* TVDBAPI.swift in Sources */ = {isa = PBXBuildFile; fileRef = D6629D8F1E3C27A70049CC26 /* TVDBAPI.swift */; };
		D67BCB521E41A5CA00BA58EA /* HomeViewController.swift in Sources */ = {isa = PBXBuildFile; fileRef = D67BCB511E41A5CA00BA58EA /* HomeViewController.swift */; };
		D6AB06871E62ABF300B1D4AA /* SettingsViewController.swift in Sources */ = {isa = PBXBuildFile; fileRef = D6AB06861E62ABF300B1D4AA /* SettingsViewController.swift */; };
		D6BEC1A81E443AB8001B211B /* SearchViewController.swift in Sources */ = {isa = PBXBuildFile; fileRef = D6BEC1A71E443AB8001B211B /* SearchViewController.swift */; };
		D6D64F41228CE0EA004BDD7E /* SeasonsTableView.swift in Sources */ = {isa = PBXBuildFile; fileRef = D6D64F40228CE0EA004BDD7E /* SeasonsTableView.swift */; };
		D6D682361E289E4400966B94 /* ShowViewController.swift in Sources */ = {isa = PBXBuildFile; fileRef = D6D682351E289E4400966B94 /* ShowViewController.swift */; };
		D6D682421E28B27700966B94 /* Main.storyboard in Resources */ = {isa = PBXBuildFile; fileRef = D6D682401E28B27700966B94 /* Main.storyboard */; };
		D6D94ABC2286ED2900A405B5 /* SearchTableViewCell.swift in Sources */ = {isa = PBXBuildFile; fileRef = D6D94ABB2286ED2900A405B5 /* SearchTableViewCell.swift */; };
		D6EBBB932286E1A7005321C3 /* ShowEpisodeViewController.swift in Sources */ = {isa = PBXBuildFile; fileRef = D6EBBB922286E1A7005321C3 /* ShowEpisodeViewController.swift */; };
/* End PBXBuildFile section */

/* Begin PBXCopyFilesBuildPhase section */
		D68680C91E2849CE00DA4563 /* Embed Frameworks */ = {
			isa = PBXCopyFilesBuildPhase;
			buildActionMask = 2147483647;
			dstPath = "";
			dstSubfolderSpec = 10;
			files = (
			);
			name = "Embed Frameworks";
			runOnlyForDeploymentPostprocessing = 0;
		};
/* End PBXCopyFilesBuildPhase section */

/* Begin PBXFileReference section */
		D6145518228AECC000F842C6 /* UILabel+Extensions.swift */ = {isa = PBXFileReference; lastKnownFileType = sourcecode.swift; path = "UILabel+Extensions.swift"; sourceTree = "<group>"; };
		D614551A228AEEE300F842C6 /* ShowDescriptionViewController.swift */ = {isa = PBXFileReference; lastKnownFileType = sourcecode.swift; path = ShowDescriptionViewController.swift; sourceTree = "<group>"; };
		D61A03762287AC390002AA48 /* APITypes.swift */ = {isa = PBXFileReference; lastKnownFileType = sourcecode.swift; path = APITypes.swift; sourceTree = "<group>"; };
		D61A03792287AD320002AA48 /* APIKey.swift */ = {isa = PBXFileReference; lastKnownFileType = sourcecode.swift; path = APIKey.swift; sourceTree = "<group>"; };
		D61FFE04226B2F72004A0F46 /* URLResponse+Extensions.swift */ = {isa = PBXFileReference; lastKnownFileType = sourcecode.swift; path = "URLResponse+Extensions.swift"; sourceTree = "<group>"; };
		D63D0A441E2845ED00D3F1CA /* Watchlist.app */ = {isa = PBXFileReference; explicitFileType = wrapper.application; includeInIndex = 0; path = Watchlist.app; sourceTree = BUILT_PRODUCTS_DIR; };
		D63D0A471E2845ED00D3F1CA /* AppDelegate.swift */ = {isa = PBXFileReference; lastKnownFileType = sourcecode.swift; path = AppDelegate.swift; sourceTree = "<group>"; };
		D63D0A501E2845ED00D3F1CA /* Assets.xcassets */ = {isa = PBXFileReference; lastKnownFileType = folder.assetcatalog; path = Assets.xcassets; sourceTree = "<group>"; };
		D63D0A531E2845ED00D3F1CA /* Base */ = {isa = PBXFileReference; lastKnownFileType = file.storyboard; name = Base; path = Base.lproj/LaunchScreen.storyboard; sourceTree = "<group>"; };
		D63D0A551E2845ED00D3F1CA /* Info.plist */ = {isa = PBXFileReference; lastKnownFileType = text.plist.xml; path = Info.plist; sourceTree = "<group>"; };
		D64C8B65228C236D00049F86 /* Seasons.xcdatamodel */ = {isa = PBXFileReference; lastKnownFileType = wrapper.xcdatamodel; path = Seasons.xcdatamodel; sourceTree = "<group>"; };
		D64C8B67228C2ADB00049F86 /* PersistenceService.swift */ = {isa = PBXFileReference; lastKnownFileType = sourcecode.swift; path = PersistenceService.swift; sourceTree = "<group>"; };
		D65C1CE61E55AEF00000D1DD /* ShowTableViewCell.swift */ = {isa = PBXFileReference; fileEncoding = 4; lastKnownFileType = sourcecode.swift; path = ShowTableViewCell.swift; sourceTree = "<group>"; };
		D6629D8F1E3C27A70049CC26 /* TVDBAPI.swift */ = {isa = PBXFileReference; fileEncoding = 4; lastKnownFileType = sourcecode.swift; path = TVDBAPI.swift; sourceTree = "<group>"; };
		D67BCB511E41A5CA00BA58EA /* HomeViewController.swift */ = {isa = PBXFileReference; fileEncoding = 4; lastKnownFileType = sourcecode.swift; name = HomeViewController.swift; path = "View Controllers/HomeViewController.swift"; sourceTree = "<group>"; };
		D6AB06851E62A55E00B1D4AA /* Playground.playground */ = {isa = PBXFileReference; lastKnownFileType = file.playground; path = Playground.playground; sourceTree = "<group>"; xcLanguageSpecificationIdentifier = xcode.lang.swift; };
		D6AB06861E62ABF300B1D4AA /* SettingsViewController.swift */ = {isa = PBXFileReference; fileEncoding = 4; lastKnownFileType = sourcecode.swift; name = SettingsViewController.swift; path = "View Controllers/SettingsViewController.swift"; sourceTree = "<group>"; };
		D6BEC1A71E443AB8001B211B /* SearchViewController.swift */ = {isa = PBXFileReference; fileEncoding = 4; lastKnownFileType = sourcecode.swift; name = SearchViewController.swift; path = "View Controllers/SearchViewController.swift"; sourceTree = "<group>"; };
		D6D64F40228CE0EA004BDD7E /* SeasonsTableView.swift */ = {isa = PBXFileReference; lastKnownFileType = sourcecode.swift; path = SeasonsTableView.swift; sourceTree = "<group>"; };
		D6D682351E289E4400966B94 /* ShowViewController.swift */ = {isa = PBXFileReference; fileEncoding = 4; lastKnownFileType = sourcecode.swift; name = ShowViewController.swift; path = "View Controllers/ShowViewController.swift"; sourceTree = "<group>"; };
		D6D682411E28B27700966B94 /* Base */ = {isa = PBXFileReference; lastKnownFileType = file.storyboard; name = Base; path = Watchlist/Base.lproj/Main.storyboard; sourceTree = "<group>"; };
		D6D94ABB2286ED2900A405B5 /* SearchTableViewCell.swift */ = {isa = PBXFileReference; lastKnownFileType = sourcecode.swift; path = SearchTableViewCell.swift; sourceTree = "<group>"; };
		D6EBBB922286E1A7005321C3 /* ShowEpisodeViewController.swift */ = {isa = PBXFileReference; lastKnownFileType = sourcecode.swift; name = ShowEpisodeViewController.swift; path = "View Controllers/ShowEpisodeViewController.swift"; sourceTree = "<group>"; };
/* End PBXFileReference section */

/* Begin PBXFrameworksBuildPhase section */
		D63D0A411E2845ED00D3F1CA /* Frameworks */ = {
			isa = PBXFrameworksBuildPhase;
			buildActionMask = 2147483647;
			files = (
			);
			runOnlyForDeploymentPostprocessing = 0;
		};
/* End PBXFrameworksBuildPhase section */

/* Begin PBXGroup section */
		D6019C2E1E41A6F4009756F6 /* View Controllers */ = {
			isa = PBXGroup;
			children = (
				D67BCB511E41A5CA00BA58EA /* HomeViewController.swift */,
				D6BEC1A71E443AB8001B211B /* SearchViewController.swift */,
				D6D682351E289E4400966B94 /* ShowViewController.swift */,
				D6EBBB922286E1A7005321C3 /* ShowEpisodeViewController.swift */,
				D6AB06861E62ABF300B1D4AA /* SettingsViewController.swift */,
				D614551A228AEEE300F842C6 /* ShowDescriptionViewController.swift */,
			);
			name = "View Controllers";
			sourceTree = "<group>";
		};
		D61A03782287ACBF0002AA48 /* Model */ = {
			isa = PBXGroup;
			children = (
				D6629D8F1E3C27A70049CC26 /* TVDBAPI.swift */,
				D61A03762287AC390002AA48 /* APITypes.swift */,
				D61A03792287AD320002AA48 /* APIKey.swift */,
			);
			path = Model;
			sourceTree = "<group>";
		};
		D61A037B2287B3FB0002AA48 /* Extensions */ = {
			isa = PBXGroup;
			children = (
				D61FFE04226B2F72004A0F46 /* URLResponse+Extensions.swift */,
				D6145518228AECC000F842C6 /* UILabel+Extensions.swift */,
			);
			path = Extensions;
			sourceTree = "<group>";
		};
		D63D0A3B1E2845ED00D3F1CA = {
			isa = PBXGroup;
			children = (
				D63D0A461E2845ED00D3F1CA /* Watchlist */,
				D63D0A451E2845ED00D3F1CA /* Products */,
			);
			sourceTree = "<group>";
		};
		D63D0A451E2845ED00D3F1CA /* Products */ = {
			isa = PBXGroup;
			children = (
				D63D0A441E2845ED00D3F1CA /* Watchlist.app */,
			);
			name = Products;
			sourceTree = "<group>";
		};
		D63D0A461E2845ED00D3F1CA /* Watchlist */ = {
			isa = PBXGroup;
			children = (
				D64C8B64228C236D00049F86 /* Seasons.xcdatamodeld */,
				D61A037B2287B3FB0002AA48 /* Extensions */,
				D61A03782287ACBF0002AA48 /* Model */,
				D6AB06851E62A55E00B1D4AA /* Playground.playground */,
				D63D0A471E2845ED00D3F1CA /* AppDelegate.swift */,
				D6D64F43228CE2D1004BDD7E /* Custom Cells */,
				D6019C2E1E41A6F4009756F6 /* View Controllers */,
				D63D0A501E2845ED00D3F1CA /* Assets.xcassets */,
				D6D682401E28B27700966B94 /* Main.storyboard */,
				D63D0A521E2845ED00D3F1CA /* LaunchScreen.storyboard */,
				D63D0A551E2845ED00D3F1CA /* Info.plist */,
				D64C8B67228C2ADB00049F86 /* PersistenceService.swift */,
				D6D64F40228CE0EA004BDD7E /* SeasonsTableView.swift */,
			);
			path = Watchlist;
			sourceTree = "<group>";
		};
		D6D64F43228CE2D1004BDD7E /* Custom Cells */ = {
			isa = PBXGroup;
			children = (
				D65C1CE61E55AEF00000D1DD /* ShowTableViewCell.swift */,
				D6D94ABB2286ED2900A405B5 /* SearchTableViewCell.swift */,
			);
			path = "Custom Cells";
			sourceTree = "<group>";
		};
/* End PBXGroup section */

/* Begin PBXNativeTarget section */
		D63D0A431E2845ED00D3F1CA /* Watchlist */ = {
			isa = PBXNativeTarget;
			buildConfigurationList = D63D0A581E2845ED00D3F1CA /* Build configuration list for PBXNativeTarget "Watchlist" */;
			buildPhases = (
				D63D0A401E2845ED00D3F1CA /* Sources */,
				D63D0A411E2845ED00D3F1CA /* Frameworks */,
				D63D0A421E2845ED00D3F1CA /* Resources */,
				D68680C91E2849CE00DA4563 /* Embed Frameworks */,
			);
			buildRules = (
			);
			dependencies = (
			);
			name = Watchlist;
			productName = Watchlist;
			productReference = D63D0A441E2845ED00D3F1CA /* Watchlist.app */;
			productType = "com.apple.product-type.application";
		};
/* End PBXNativeTarget section */

/* Begin PBXProject section */
		D63D0A3C1E2845ED00D3F1CA /* Project object */ = {
			isa = PBXProject;
			attributes = {
				LastSwiftUpdateCheck = 0820;
				LastUpgradeCheck = 1020;
				ORGANIZATIONNAME = "Thomas Greenwood";
				TargetAttributes = {
					D63D0A431E2845ED00D3F1CA = {
						CreatedOnToolsVersion = 8.2.1;
						DevelopmentTeam = F33EN56G35;
						LastSwiftMigration = 1020;
						ProvisioningStyle = Automatic;
					};
				};
			};
			buildConfigurationList = D63D0A3F1E2845ED00D3F1CA /* Build configuration list for PBXProject "Watchlist" */;
			compatibilityVersion = "Xcode 3.2";
			developmentRegion = en;
			hasScannedForEncodings = 0;
			knownRegions = (
				en,
				Base,
			);
			mainGroup = D63D0A3B1E2845ED00D3F1CA;
			productRefGroup = D63D0A451E2845ED00D3F1CA /* Products */;
			projectDirPath = "";
			projectRoot = "";
			targets = (
				D63D0A431E2845ED00D3F1CA /* Watchlist */,
			);
		};
/* End PBXProject section */

/* Begin PBXResourcesBuildPhase section */
		D63D0A421E2845ED00D3F1CA /* Resources */ = {
			isa = PBXResourcesBuildPhase;
			buildActionMask = 2147483647;
			files = (
				D6D682421E28B27700966B94 /* Main.storyboard in Resources */,
				D63D0A541E2845ED00D3F1CA /* LaunchScreen.storyboard in Resources */,
				D63D0A511E2845ED00D3F1CA /* Assets.xcassets in Resources */,
			);
			runOnlyForDeploymentPostprocessing = 0;
		};
/* End PBXResourcesBuildPhase section */

/* Begin PBXSourcesBuildPhase section */
		D63D0A401E2845ED00D3F1CA /* Sources */ = {
			isa = PBXSourcesBuildPhase;
			buildActionMask = 2147483647;
			files = (
				D61A03772287AC390002AA48 /* APITypes.swift in Sources */,
				D6629D901E3C27A70049CC26 /* TVDBAPI.swift in Sources */,
				D6D64F41228CE0EA004BDD7E /* SeasonsTableView.swift in Sources */,
				D6BEC1A81E443AB8001B211B /* SearchViewController.swift in Sources */,
				D6AB06871E62ABF300B1D4AA /* SettingsViewController.swift in Sources */,
				D6D682361E289E4400966B94 /* ShowViewController.swift in Sources */,
				D6145519228AECC000F842C6 /* UILabel+Extensions.swift in Sources */,
				D6EBBB932286E1A7005321C3 /* ShowEpisodeViewController.swift in Sources */,
				D64C8B66228C236D00049F86 /* Seasons.xcdatamodeld in Sources */,
				D6D94ABC2286ED2900A405B5 /* SearchTableViewCell.swift in Sources */,
				D61A037A2287AD320002AA48 /* APIKey.swift in Sources */,
				D63D0A481E2845ED00D3F1CA /* AppDelegate.swift in Sources */,
				D65C1CE71E55AEF00000D1DD /* ShowTableViewCell.swift in Sources */,
				D64C8B68228C2ADB00049F86 /* PersistenceService.swift in Sources */,
				D61FFE05226B2F72004A0F46 /* URLResponse+Extensions.swift in Sources */,
				D67BCB521E41A5CA00BA58EA /* HomeViewController.swift in Sources */,
				D614551B228AEEE300F842C6 /* ShowDescriptionViewController.swift in Sources */,
			);
			runOnlyForDeploymentPostprocessing = 0;
		};
/* End PBXSourcesBuildPhase section */

/* Begin PBXVariantGroup section */
		D63D0A521E2845ED00D3F1CA /* LaunchScreen.storyboard */ = {
			isa = PBXVariantGroup;
			children = (
				D63D0A531E2845ED00D3F1CA /* Base */,
			);
			name = LaunchScreen.storyboard;
			sourceTree = "<group>";
		};
		D6D682401E28B27700966B94 /* Main.storyboard */ = {
			isa = PBXVariantGroup;
			children = (
				D6D682411E28B27700966B94 /* Base */,
			);
			name = Main.storyboard;
			path = ..;
			sourceTree = "<group>";
		};
/* End PBXVariantGroup section */

/* Begin XCBuildConfiguration section */
		D63D0A561E2845ED00D3F1CA /* Debug */ = {
			isa = XCBuildConfiguration;
			buildSettings = {
				ALWAYS_SEARCH_USER_PATHS = NO;
				CLANG_ANALYZER_LOCALIZABILITY_NONLOCALIZED = YES;
				CLANG_ANALYZER_NONNULL = YES;
				CLANG_CXX_LANGUAGE_STANDARD = "gnu++0x";
				CLANG_CXX_LIBRARY = "libc++";
				CLANG_ENABLE_MODULES = YES;
				CLANG_ENABLE_OBJC_ARC = YES;
				CLANG_WARN_BLOCK_CAPTURE_AUTORELEASING = YES;
				CLANG_WARN_BOOL_CONVERSION = YES;
				CLANG_WARN_COMMA = YES;
				CLANG_WARN_CONSTANT_CONVERSION = YES;
				CLANG_WARN_DEPRECATED_OBJC_IMPLEMENTATIONS = YES;
				CLANG_WARN_DIRECT_OBJC_ISA_USAGE = YES_ERROR;
				CLANG_WARN_DOCUMENTATION_COMMENTS = YES;
				CLANG_WARN_EMPTY_BODY = YES;
				CLANG_WARN_ENUM_CONVERSION = YES;
				CLANG_WARN_INFINITE_RECURSION = YES;
				CLANG_WARN_INT_CONVERSION = YES;
				CLANG_WARN_NON_LITERAL_NULL_CONVERSION = YES;
				CLANG_WARN_OBJC_IMPLICIT_RETAIN_SELF = YES;
				CLANG_WARN_OBJC_LITERAL_CONVERSION = YES;
				CLANG_WARN_OBJC_ROOT_CLASS = YES_ERROR;
				CLANG_WARN_RANGE_LOOP_ANALYSIS = YES;
				CLANG_WARN_STRICT_PROTOTYPES = YES;
				CLANG_WARN_SUSPICIOUS_MOVE = YES;
				CLANG_WARN_UNREACHABLE_CODE = YES;
				CLANG_WARN__DUPLICATE_METHOD_MATCH = YES;
				CODE_SIGN_IDENTITY = "iPhone Developer";
				"CODE_SIGN_IDENTITY[sdk=iphoneos*]" = "iPhone Developer";
				COPY_PHASE_STRIP = NO;
				DEBUG_INFORMATION_FORMAT = dwarf;
				DEVELOPMENT_TEAM = F33EN56G35;
				ENABLE_STRICT_OBJC_MSGSEND = YES;
				ENABLE_TESTABILITY = YES;
				GCC_C_LANGUAGE_STANDARD = gnu99;
				GCC_DYNAMIC_NO_PIC = NO;
				GCC_NO_COMMON_BLOCKS = YES;
				GCC_OPTIMIZATION_LEVEL = 0;
				GCC_PREPROCESSOR_DEFINITIONS = (
					"DEBUG=1",
					"$(inherited)",
				);
				GCC_WARN_64_TO_32_BIT_CONVERSION = YES;
				GCC_WARN_ABOUT_RETURN_TYPE = YES_ERROR;
				GCC_WARN_UNDECLARED_SELECTOR = YES;
				GCC_WARN_UNINITIALIZED_AUTOS = YES_AGGRESSIVE;
				GCC_WARN_UNUSED_FUNCTION = YES;
				GCC_WARN_UNUSED_VARIABLE = YES;
				IPHONEOS_DEPLOYMENT_TARGET = 12.0;
				MTL_ENABLE_DEBUG_INFO = YES;
				ONLY_ACTIVE_ARCH = YES;
				SDKROOT = iphoneos;
				SWIFT_ACTIVE_COMPILATION_CONDITIONS = DEBUG;
				SWIFT_OPTIMIZATION_LEVEL = "-Onone";
				TARGETED_DEVICE_FAMILY = "1,2";
			};
			name = Debug;
		};
		D63D0A571E2845ED00D3F1CA /* Release */ = {
			isa = XCBuildConfiguration;
			buildSettings = {
				ALWAYS_SEARCH_USER_PATHS = NO;
				CLANG_ANALYZER_LOCALIZABILITY_NONLOCALIZED = YES;
				CLANG_ANALYZER_NONNULL = YES;
				CLANG_CXX_LANGUAGE_STANDARD = "gnu++0x";
				CLANG_CXX_LIBRARY = "libc++";
				CLANG_ENABLE_MODULES = YES;
				CLANG_ENABLE_OBJC_ARC = YES;
				CLANG_WARN_BLOCK_CAPTURE_AUTORELEASING = YES;
				CLANG_WARN_BOOL_CONVERSION = YES;
				CLANG_WARN_COMMA = YES;
				CLANG_WARN_CONSTANT_CONVERSION = YES;
				CLANG_WARN_DEPRECATED_OBJC_IMPLEMENTATIONS = YES;
				CLANG_WARN_DIRECT_OBJC_ISA_USAGE = YES_ERROR;
				CLANG_WARN_DOCUMENTATION_COMMENTS = YES;
				CLANG_WARN_EMPTY_BODY = YES;
				CLANG_WARN_ENUM_CONVERSION = YES;
				CLANG_WARN_INFINITE_RECURSION = YES;
				CLANG_WARN_INT_CONVERSION = YES;
				CLANG_WARN_NON_LITERAL_NULL_CONVERSION = YES;
				CLANG_WARN_OBJC_IMPLICIT_RETAIN_SELF = YES;
				CLANG_WARN_OBJC_LITERAL_CONVERSION = YES;
				CLANG_WARN_OBJC_ROOT_CLASS = YES_ERROR;
				CLANG_WARN_RANGE_LOOP_ANALYSIS = YES;
				CLANG_WARN_STRICT_PROTOTYPES = YES;
				CLANG_WARN_SUSPICIOUS_MOVE = YES;
				CLANG_WARN_UNREACHABLE_CODE = YES;
				CLANG_WARN__DUPLICATE_METHOD_MATCH = YES;
				CODE_SIGN_IDENTITY = "iPhone Developer";
				"CODE_SIGN_IDENTITY[sdk=iphoneos*]" = "iPhone Developer";
				COPY_PHASE_STRIP = NO;
				DEBUG_INFORMATION_FORMAT = "dwarf-with-dsym";
				DEVELOPMENT_TEAM = F33EN56G35;
				ENABLE_NS_ASSERTIONS = NO;
				ENABLE_STRICT_OBJC_MSGSEND = YES;
				GCC_C_LANGUAGE_STANDARD = gnu99;
				GCC_NO_COMMON_BLOCKS = YES;
				GCC_WARN_64_TO_32_BIT_CONVERSION = YES;
				GCC_WARN_ABOUT_RETURN_TYPE = YES_ERROR;
				GCC_WARN_UNDECLARED_SELECTOR = YES;
				GCC_WARN_UNINITIALIZED_AUTOS = YES_AGGRESSIVE;
				GCC_WARN_UNUSED_FUNCTION = YES;
				GCC_WARN_UNUSED_VARIABLE = YES;
				IPHONEOS_DEPLOYMENT_TARGET = 12.0;
				MTL_ENABLE_DEBUG_INFO = NO;
				SDKROOT = iphoneos;
				SWIFT_OPTIMIZATION_LEVEL = "-Owholemodule";
				TARGETED_DEVICE_FAMILY = "1,2";
				VALIDATE_PRODUCT = YES;
			};
			name = Release;
		};
		D63D0A591E2845ED00D3F1CA /* Debug */ = {
			isa = XCBuildConfiguration;
			buildSettings = {
				ALWAYS_EMBED_SWIFT_STANDARD_LIBRARIES = YES;
				ASSETCATALOG_COMPILER_APPICON_NAME = AppIcon;
				CODE_SIGN_IDENTITY = "iPhone Developer";
				"CODE_SIGN_IDENTITY[sdk=iphoneos*]" = "iPhone Developer";
				CODE_SIGN_STYLE = Automatic;
				DEVELOPMENT_TEAM = F33EN56G35;
				INFOPLIST_FILE = Watchlist/Info.plist;
				IPHONEOS_DEPLOYMENT_TARGET = 12.0;
				LD_RUNPATH_SEARCH_PATHS = "$(inherited) @executable_path/Frameworks";
				PRODUCT_BUNDLE_IDENTIFIER = com.greeny.tvapp;
				PRODUCT_NAME = "$(TARGET_NAME)";
				PROVISIONING_PROFILE_SPECIFIER = "";
				SWIFT_VERSION = 5.0;
				TARGETED_DEVICE_FAMILY = "1,2";
			};
			name = Debug;
		};
		D63D0A5A1E2845ED00D3F1CA /* Release */ = {
			isa = XCBuildConfiguration;
			buildSettings = {
				ALWAYS_EMBED_SWIFT_STANDARD_LIBRARIES = YES;
				ASSETCATALOG_COMPILER_APPICON_NAME = AppIcon;
				CODE_SIGN_IDENTITY = "iPhone Developer";
				"CODE_SIGN_IDENTITY[sdk=iphoneos*]" = "iPhone Developer";
				CODE_SIGN_STYLE = Automatic;
				DEVELOPMENT_TEAM = F33EN56G35;
				INFOPLIST_FILE = Watchlist/Info.plist;
				IPHONEOS_DEPLOYMENT_TARGET = 12.0;
				LD_RUNPATH_SEARCH_PATHS = "$(inherited) @executable_path/Frameworks";
				PRODUCT_BUNDLE_IDENTIFIER = com.greeny.tvapp;
				PRODUCT_NAME = "$(TARGET_NAME)";
				PROVISIONING_PROFILE_SPECIFIER = "";
				SWIFT_VERSION = 5.0;
				TARGETED_DEVICE_FAMILY = "1,2";
			};
			name = Release;
		};
/* End XCBuildConfiguration section */

/* Begin XCConfigurationList section */
		D63D0A3F1E2845ED00D3F1CA /* Build configuration list for PBXProject "Watchlist" */ = {
			isa = XCConfigurationList;
			buildConfigurations = (
				D63D0A561E2845ED00D3F1CA /* Debug */,
				D63D0A571E2845ED00D3F1CA /* Release */,
			);
			defaultConfigurationIsVisible = 0;
			defaultConfigurationName = Release;
		};
		D63D0A581E2845ED00D3F1CA /* Build configuration list for PBXNativeTarget "Watchlist" */ = {
			isa = XCConfigurationList;
			buildConfigurations = (
				D63D0A591E2845ED00D3F1CA /* Debug */,
				D63D0A5A1E2845ED00D3F1CA /* Release */,
			);
			defaultConfigurationIsVisible = 0;
			defaultConfigurationName = Release;
		};
/* End XCConfigurationList section */

/* Begin XCVersionGroup section */
		D64C8B64228C236D00049F86 /* Seasons.xcdatamodeld */ = {
			isa = XCVersionGroup;
			children = (
				D64C8B65228C236D00049F86 /* Seasons.xcdatamodel */,
			);
			currentVersion = D64C8B65228C236D00049F86 /* Seasons.xcdatamodel */;
			path = Seasons.xcdatamodeld;
			sourceTree = "<group>";
			versionGroupType = wrapper.xcdatamodel;
		};
/* End XCVersionGroup section */
	};
	rootObject = D63D0A3C1E2845ED00D3F1CA /* Project object */;
}
